
Microsoft Visual Studio Solution File, Format Version 12.00
# Visual Studio Version 17
VisualStudioVersion = 17.11.35219.272
MinimumVisualStudioVersion = 10.0.40219.1
Project("{9A19103F-16F7-4668-BE54-9A1E7A4F7556}") = "WinAppsBuilderList", "WinAppsBuilderList.csproj", "{8AA7EE90-8F03-4FD8-92B7-04E5A6603F21}"
EndProject
Global
	GlobalSection(SolutionConfigurationPlatforms) = preSolution
		Debug|Any CPU = Debug|Any CPU
		Release|Any CPU = Release|Any CPU
	EndGlobalSection
	GlobalSection(ProjectConfigurationPlatforms) = postSolution
		{8AA7EE90-8F03-4FD8-92B7-04E5A6603F21}.Debug|Any CPU.ActiveCfg = Debug|Any CPU
		{8AA7EE90-8F03-4FD8-92B7-04E5A6603F21}.Debug|Any CPU.Build.0 = Debug|Any CPU
		{8AA7EE90-8F03-4FD8-92B7-04E5A6603F21}.Release|Any CPU.ActiveCfg = Release|Any CPU
		{8AA7EE90-8F03-4FD8-92B7-04E5A6603F21}.Release|Any CPU.Build.0 = Release|Any CPU
	EndGlobalSection
	GlobalSection(SolutionProperties) = preSolution
		HideSolutionNode = FALSE
	EndGlobalSection
	GlobalSection(ExtensibilityGlobals) = postSolution
		SolutionGuid = {29C0B430-37B0-4649-8AB2-4F670D71428B}
	EndGlobalSection
EndGlobal
